
Microsoft Visual Studio Solution File, Format Version 12.00
# Visual Studio Version 16
VisualStudioVersion = 16.0.29201.188
MinimumVisualStudioVersion = 10.0.40219.1
Project("{FAE04EC0-301F-11D3-BF4B-00C04F79EFBC}") = "libVLC-Transcode", "libVLC-Transcode\libVLC-Transcode.csproj", "{37EAA445-77BE-4E85-93FC-0B82EB26D06F}"
EndProject
Project("{9A19103F-16F7-4668-BE54-9A1E7A4F7556}") = "libVLC-Transcode.Core", "libVLC-Transcode.Core\libVLC-Transcode.Core.csproj", "{BD2926B9-4F38-49C4-8620-D13BD02290D4}"
EndProject
Global
	GlobalSection(SolutionConfigurationPlatforms) = preSolution
		Debug|Any CPU = Debug|Any CPU
		Debug|ARM = Debug|ARM
		Debug|x64 = Debug|x64
		Debug|x86 = Debug|x86
		Release|Any CPU = Release|Any CPU
		Release|ARM = Release|ARM
		Release|x64 = Release|x64
		Release|x86 = Release|x86
	EndGlobalSection
	GlobalSection(ProjectConfigurationPlatforms) = postSolution
		{37EAA445-77BE-4E85-93FC-0B82EB26D06F}.Debug|Any CPU.ActiveCfg = Debug|x86
		{37EAA445-77BE-4E85-93FC-0B82EB26D06F}.Debug|ARM.ActiveCfg = Debug|ARM
		{37EAA445-77BE-4E85-93FC-0B82EB26D06F}.Debug|ARM.Build.0 = Debug|ARM
		{37EAA445-77BE-4E85-93FC-0B82EB26D06F}.Debug|ARM.Deploy.0 = Debug|ARM
		{37EAA445-77BE-4E85-93FC-0B82EB26D06F}.Debug|x64.ActiveCfg = Debug|x64
		{37EAA445-77BE-4E85-93FC-0B82EB26D06F}.Debug|x64.Build.0 = Debug|x64
		{37EAA445-77BE-4E85-93FC-0B82EB26D06F}.Debug|x64.Deploy.0 = Debug|x64
		{37EAA445-77BE-4E85-93FC-0B82EB26D06F}.Debug|x86.ActiveCfg = Debug|x86
		{37EAA445-77BE-4E85-93FC-0B82EB26D06F}.Debug|x86.Build.0 = Debug|x86
		{37EAA445-77BE-4E85-93FC-0B82EB26D06F}.Debug|x86.Deploy.0 = Debug|x86
		{37EAA445-77BE-4E85-93FC-0B82EB26D06F}.Release|Any CPU.ActiveCfg = Release|x86
		{37EAA445-77BE-4E85-93FC-0B82EB26D06F}.Release|ARM.ActiveCfg = Release|ARM
		{37EAA445-77BE-4E85-93FC-0B82EB26D06F}.Release|ARM.Build.0 = Release|ARM
		{37EAA445-77BE-4E85-93FC-0B82EB26D06F}.Release|ARM.Deploy.0 = Release|ARM
		{37EAA445-77BE-4E85-93FC-0B82EB26D06F}.Release|x64.ActiveCfg = Release|x64
		{37EAA445-77BE-4E85-93FC-0B82EB26D06F}.Release|x64.Build.0 = Release|x64
		{37EAA445-77BE-4E85-93FC-0B82EB26D06F}.Release|x64.Deploy.0 = Release|x64
		{37EAA445-77BE-4E85-93FC-0B82EB26D06F}.Release|x86.ActiveCfg = Release|x86
		{37EAA445-77BE-4E85-93FC-0B82EB26D06F}.Release|x86.Build.0 = Release|x86
		{37EAA445-77BE-4E85-93FC-0B82EB26D06F}.Release|x86.Deploy.0 = Release|x86
		{BD2926B9-4F38-49C4-8620-D13BD02290D4}.Debug|Any CPU.ActiveCfg = Debug|Any CPU
		{BD2926B9-4F38-49C4-8620-D13BD02290D4}.Debug|Any CPU.Build.0 = Debug|Any CPU
		{BD2926B9-4F38-49C4-8620-D13BD02290D4}.Debug|ARM.ActiveCfg = Debug|Any CPU
		{BD2926B9-4F38-49C4-8620-D13BD02290D4}.Debug|ARM.Build.0 = Debug|Any CPU
		{BD2926B9-4F38-49C4-8620-D13BD02290D4}.Debug|x64.ActiveCfg = Debug|Any CPU
		{BD2926B9-4F38-49C4-8620-D13BD02290D4}.Debug|x64.Build.0 = Debug|Any CPU
		{BD2926B9-4F38-49C4-8620-D13BD02290D4}.Debug|x86.ActiveCfg = Debug|Any CPU
		{BD2926B9-4F38-49C4-8620-D13BD02290D4}.Debug|x86.Build.0 = Debug|Any CPU
		{BD2926B9-4F38-49C4-8620-D13BD02290D4}.Release|Any CPU.ActiveCfg = Release|Any CPU
		{BD2926B9-4F38-49C4-8620-D13BD02290D4}.Release|Any CPU.Build.0 = Release|Any CPU
		{BD2926B9-4F38-49C4-8620-D13BD02290D4}.Release|ARM.ActiveCfg = Release|Any CPU
		{BD2926B9-4F38-49C4-8620-D13BD02290D4}.Release|ARM.Build.0 = Release|Any CPU
		{BD2926B9-4F38-49C4-8620-D13BD02290D4}.Release|x64.ActiveCfg = Release|Any CPU
		{BD2926B9-4F38-49C4-8620-D13BD02290D4}.Release|x64.Build.0 = Release|Any CPU
		{BD2926B9-4F38-49C4-8620-D13BD02290D4}.Release|x86.ActiveCfg = Release|Any CPU
		{BD2926B9-4F38-49C4-8620-D13BD02290D4}.Release|x86.Build.0 = Release|Any CPU
	EndGlobalSection
	GlobalSection(SolutionProperties) = preSolution
		HideSolutionNode = FALSE
	EndGlobalSection
	GlobalSection(ExtensibilityGlobals) = postSolution
		SolutionGuid = {C553D129-4C33-4E4A-ABF5-BBCBE96F688E}
	EndGlobalSection
EndGlobal
